
Microsoft Visual Studio Solution File, Format Version 12.00
# Visual Studio Version 16
VisualStudioVersion = 16.0.31019.35
MinimumVisualStudioVersion = 10.0.40219.1
Project("{FAE04EC0-301F-11D3-BF4B-00C04F79EFBC}") = "проба4", "проба4.csproj", "{50BE3152-8794-481A-AC97-42D829C32328}"
EndProject
Global
	GlobalSection(SolutionConfigurationPlatforms) = preSolution
		Debug|Any CPU = Debug|Any CPU
		Release|Any CPU = Release|Any CPU
	EndGlobalSection
	GlobalSection(ProjectConfigurationPlatforms) = postSolution
		{50BE3152-8794-481A-AC97-42D829C32328}.Debug|Any CPU.ActiveCfg = Debug|Any CPU
		{50BE3152-8794-481A-AC97-42D829C32328}.Debug|Any CPU.Build.0 = Debug|Any CPU
		{50BE3152-8794-481A-AC97-42D829C32328}.Release|Any CPU.ActiveCfg = Release|Any CPU
		{50BE3152-8794-481A-AC97-42D829C32328}.Release|Any CPU.Build.0 = Release|Any CPU
	EndGlobalSection
	GlobalSection(SolutionProperties) = preSolution
		HideSolutionNode = FALSE
	EndGlobalSection
	GlobalSection(ExtensibilityGlobals) = postSolution
		SolutionGuid = {FABB4893-CBC4-4F22-8A0A-9C28F6D65D55}
	EndGlobalSection
EndGlobal
